
Microsoft Visual Studio Solution File, Format Version 12.00
# Visual Studio Express 2013 for Web
VisualStudioVersion = 12.0.31101.0
MinimumVisualStudioVersion = 10.0.40219.1
Project("{E24C65DC-7377-472B-9ABA-BC803B73C61A}") = "3D-WeatherForecast-JSWebsite", "http://localhost:56918", "{42136BCF-A1B4-4D47-9C2F-75D3EBDAA357}"
	ProjectSection(WebsiteProperties) = preProject
		UseIISExpress = "true"
		TargetFrameworkMoniker = ".NETFramework,Version%3Dv4.5"
		Debug.AspNetCompiler.VirtualPath = "/localhost_56918"
		Debug.AspNetCompiler.PhysicalPath = "..\..\..\GitHub\3D-WeatherForecast-JSWebsite\"
		Debug.AspNetCompiler.TargetPath = "PrecompiledWeb\localhost_56918\"
		Debug.AspNetCompiler.Updateable = "true"
		Debug.AspNetCompiler.ForceOverwrite = "true"
		Debug.AspNetCompiler.FixedNames = "false"
		Debug.AspNetCompiler.Debug = "True"
		Release.AspNetCompiler.VirtualPath = "/localhost_56918"
		Release.AspNetCompiler.PhysicalPath = "..\..\..\GitHub\3D-WeatherForecast-JSWebsite\"
		Release.AspNetCompiler.TargetPath = "PrecompiledWeb\localhost_56918\"
		Release.AspNetCompiler.Updateable = "true"
		Release.AspNetCompiler.ForceOverwrite = "true"
		Release.AspNetCompiler.FixedNames = "false"
		Release.AspNetCompiler.Debug = "False"
		SlnRelativePath = "..\..\..\GitHub\3D-WeatherForecast-JSWebsite\"
	EndProjectSection
EndProject
Global
	GlobalSection(SolutionConfigurationPlatforms) = preSolution
		Debug|Any CPU = Debug|Any CPU
	EndGlobalSection
	GlobalSection(ProjectConfigurationPlatforms) = postSolution
		{42136BCF-A1B4-4D47-9C2F-75D3EBDAA357}.Debug|Any CPU.ActiveCfg = Debug|Any CPU
		{42136BCF-A1B4-4D47-9C2F-75D3EBDAA357}.Debug|Any CPU.Build.0 = Debug|Any CPU
	EndGlobalSection
	GlobalSection(SolutionProperties) = preSolution
		HideSolutionNode = FALSE
	EndGlobalSection
EndGlobal
